// !$*UTF8*$!
{
	archiveVersion = 1;
	classes = {
	};
	objectVersion = 46;
	objects = {

/* Begin PBXBuildFile section */
		8216A29D1E01234500622E43 /* AppDelegate.swift in Sources */ = {isa = PBXBuildFile; fileRef = 8216A29C1E01234500622E43 /* AppDelegate.swift */; };
		8216A29F1E01234500622E43 /* ViewController.swift in Sources */ = {isa = PBXBuildFile; fileRef = 8216A29E1E01234500622E43 /* ViewController.swift */; };
		8216A2A21E01234500622E43 /* Main.storyboard in Resources */ = {isa = PBXBuildFile; fileRef = 8216A2A01E01234500622E43 /* Main.storyboard */; };
		8216A2A41E01234500622E43 /* Assets.xcassets in Resources */ = {isa = PBXBuildFile; fileRef = 8216A2A31E01234500622E43 /* Assets.xcassets */; };
		8216A2A71E01234500622E43 /* LaunchScreen.storyboard in Resources */ = {isa = PBXBuildFile; fileRef = 8216A2A51E01234500622E43 /* LaunchScreen.storyboard */; };
		8216A2AF1E0123A000622E43 /* GoogleService-Info.plist in Resources */ = {isa = PBXBuildFile; fileRef = 8216A2AE1E0123A000622E43 /* GoogleService-Info.plist */; };
		ACD5E1EF56A9B9C61FC6A130 /* Pods_Bartr.framework in Frameworks */ = {isa = PBXBuildFile; fileRef = 5DF75CA350275BBE09E4D8AA /* Pods_Bartr.framework */; };
/* End PBXBuildFile section */

/* Begin PBXFileReference section */
		00E125B88087019F0E41E66F /* Pods-Bartr.release.xcconfig */ = {isa = PBXFileReference; includeInIndex = 1; lastKnownFileType = text.xcconfig; name = "Pods-Bartr.release.xcconfig"; path = "Pods/Target Support Files/Pods-Bartr/Pods-Bartr.release.xcconfig"; sourceTree = "<group>"; };
		488B48BD324F1764491A3957 /* Pods-Bartr.debug.xcconfig */ = {isa = PBXFileReference; includeInIndex = 1; lastKnownFileType = text.xcconfig; name = "Pods-Bartr.debug.xcconfig"; path = "Pods/Target Support Files/Pods-Bartr/Pods-Bartr.debug.xcconfig"; sourceTree = "<group>"; };
		5DF75CA350275BBE09E4D8AA /* Pods_Bartr.framework */ = {isa = PBXFileReference; explicitFileType = wrapper.framework; includeInIndex = 0; path = Pods_Bartr.framework; sourceTree = BUILT_PRODUCTS_DIR; };
		8216A2991E01234500622E43 /* Bartr.app */ = {isa = PBXFileReference; explicitFileType = wrapper.application; includeInIndex = 0; path = Bartr.app; sourceTree = BUILT_PRODUCTS_DIR; };
		8216A29C1E01234500622E43 /* AppDelegate.swift */ = {isa = PBXFileReference; lastKnownFileType = sourcecode.swift; path = AppDelegate.swift; sourceTree = "<group>"; };
		8216A29E1E01234500622E43 /* ViewController.swift */ = {isa = PBXFileReference; lastKnownFileType = sourcecode.swift; path = ViewController.swift; sourceTree = "<group>"; };
		8216A2A11E01234500622E43 /* Base */ = {isa = PBXFileReference; lastKnownFileType = file.storyboard; name = Base; path = Base.lproj/Main.storyboard; sourceTree = "<group>"; };
		8216A2A31E01234500622E43 /* Assets.xcassets */ = {isa = PBXFileReference; lastKnownFileType = folder.assetcatalog; path = Assets.xcassets; sourceTree = "<group>"; };
		8216A2A61E01234500622E43 /* Base */ = {isa = PBXFileReference; lastKnownFileType = file.storyboard; name = Base; path = Base.lproj/LaunchScreen.storyboard; sourceTree = "<group>"; };
		8216A2A81E01234500622E43 /* Info.plist */ = {isa = PBXFileReference; lastKnownFileType = text.plist.xml; path = Info.plist; sourceTree = "<group>"; };
		8216A2AE1E0123A000622E43 /* GoogleService-Info.plist */ = {isa = PBXFileReference; fileEncoding = 4; lastKnownFileType = text.plist.xml; path = "GoogleService-Info.plist"; sourceTree = "<group>"; };
/* End PBXFileReference section */

/* Begin PBXFrameworksBuildPhase section */
		8216A2961E01234500622E43 /* Frameworks */ = {
			isa = PBXFrameworksBuildPhase;
			buildActionMask = 2147483647;
			files = (
				ACD5E1EF56A9B9C61FC6A130 /* Pods_Bartr.framework in Frameworks */,
			);
			runOnlyForDeploymentPostprocessing = 0;
		};
/* End PBXFrameworksBuildPhase section */

/* Begin PBXGroup section */
		8216A2901E01234500622E43 = {
			isa = PBXGroup;
			children = (
				8216A29B1E01234500622E43 /* Bartr */,
				8216A29A1E01234500622E43 /* Products */,
				E0C83616FB0E6590A38D71B3 /* Pods */,
				91DC64CA21F2F15A4C822919 /* Frameworks */,
			);
			sourceTree = "<group>";
		};
		8216A29A1E01234500622E43 /* Products */ = {
			isa = PBXGroup;
			children = (
				8216A2991E01234500622E43 /* Bartr.app */,
			);
			name = Products;
			sourceTree = "<group>";
		};
		8216A29B1E01234500622E43 /* Bartr */ = {
			isa = PBXGroup;
			children = (
				8216A29C1E01234500622E43 /* AppDelegate.swift */,
				8216A29E1E01234500622E43 /* ViewController.swift */,
				8216A2A01E01234500622E43 /* Main.storyboard */,
				8216A2A31E01234500622E43 /* Assets.xcassets */,
				8216A2A51E01234500622E43 /* LaunchScreen.storyboard */,
				8216A2A81E01234500622E43 /* Info.plist */,
				8216A2AE1E0123A000622E43 /* GoogleService-Info.plist */,
			);
			path = Bartr;
			sourceTree = "<group>";
		};
		91DC64CA21F2F15A4C822919 /* Frameworks */ = {
			isa = PBXGroup;
			children = (
				5DF75CA350275BBE09E4D8AA /* Pods_Bartr.framework */,
			);
			name = Frameworks;
			sourceTree = "<group>";
		};
		E0C83616FB0E6590A38D71B3 /* Pods */ = {
			isa = PBXGroup;
			children = (
				488B48BD324F1764491A3957 /* Pods-Bartr.debug.xcconfig */,
				00E125B88087019F0E41E66F /* Pods-Bartr.release.xcconfig */,
			);
			name = Pods;
			sourceTree = "<group>";
		};
/* End PBXGroup section */

/* Begin PBXNativeTarget section */
		8216A2981E01234500622E43 /* Bartr */ = {
			isa = PBXNativeTarget;
			buildConfigurationList = 8216A2AB1E01234500622E43 /* Build configuration list for PBXNativeTarget "Bartr" */;
			buildPhases = (
				855D1039119B8A3911B11559 /* [CP] Check Pods Manifest.lock */,
				8216A2951E01234500622E43 /* Sources */,
				8216A2961E01234500622E43 /* Frameworks */,
				8216A2971E01234500622E43 /* Resources */,
				680E8CA83096E615C40D7774 /* [CP] Embed Pods Frameworks */,
				FD65586DEA00D5B64841AF51 /* [CP] Copy Pods Resources */,
			);
			buildRules = (
			);
			dependencies = (
			);
			name = Bartr;
			productName = Bartr;
			productReference = 8216A2991E01234500622E43 /* Bartr.app */;
			productType = "com.apple.product-type.application";
		};
/* End PBXNativeTarget section */

/* Begin PBXProject section */
		8216A2911E01234500622E43 /* Project object */ = {
			isa = PBXProject;
			attributes = {
				LastSwiftUpdateCheck = 0730;
				LastUpgradeCheck = 0730;
				ORGANIZATIONNAME = "Sarmed Chaudhry";
				TargetAttributes = {
					8216A2981E01234500622E43 = {
						CreatedOnToolsVersion = 7.3;
						LastSwiftMigration = 0820;
					};
				};
			};
			buildConfigurationList = 8216A2941E01234500622E43 /* Build configuration list for PBXProject "Bartr" */;
			compatibilityVersion = "Xcode 3.2";
			developmentRegion = English;
			hasScannedForEncodings = 0;
			knownRegions = (
				en,
				Base,
			);
			mainGroup = 8216A2901E01234500622E43;
			productRefGroup = 8216A29A1E01234500622E43 /* Products */;
			projectDirPath = "";
			projectRoot = "";
			targets = (
				8216A2981E01234500622E43 /* Bartr */,
			);
		};
/* End PBXProject section */

/* Begin PBXResourcesBuildPhase section */
		8216A2971E01234500622E43 /* Resources */ = {
			isa = PBXResourcesBuildPhase;
			buildActionMask = 2147483647;
			files = (
				8216A2A71E01234500622E43 /* LaunchScreen.storyboard in Resources */,
				8216A2AF1E0123A000622E43 /* GoogleService-Info.plist in Resources */,
				8216A2A41E01234500622E43 /* Assets.xcassets in Resources */,
				8216A2A21E01234500622E43 /* Main.storyboard in Resources */,
			);
			runOnlyForDeploymentPostprocessing = 0;
		};
/* End PBXResourcesBuildPhase section */

/* Begin PBXShellScriptBuildPhase section */
		680E8CA83096E615C40D7774 /* [CP] Embed Pods Frameworks */ = {
			isa = PBXShellScriptBuildPhase;
			buildActionMask = 2147483647;
			files = (
			);
			inputPaths = (
			);
			name = "[CP] Embed Pods Frameworks";
			outputPaths = (
			);
			runOnlyForDeploymentPostprocessing = 0;
			shellPath = /bin/sh;
			shellScript = "\"${SRCROOT}/Pods/Target Support Files/Pods-Bartr/Pods-Bartr-frameworks.sh\"\n";
			showEnvVarsInLog = 0;
		};
		855D1039119B8A3911B11559 /* [CP] Check Pods Manifest.lock */ = {
			isa = PBXShellScriptBuildPhase;
			buildActionMask = 2147483647;
			files = (
			);
			inputPaths = (
			);
			name = "[CP] Check Pods Manifest.lock";
			outputPaths = (
			);
			runOnlyForDeploymentPostprocessing = 0;
			shellPath = /bin/sh;
			shellScript = "diff \"${PODS_ROOT}/../Podfile.lock\" \"${PODS_ROOT}/Manifest.lock\" > /dev/null\nif [ $? != 0 ] ; then\n    # print error to STDERR\n    echo \"error: The sandbox is not in sync with the Podfile.lock. Run 'pod install' or update your CocoaPods installation.\" >&2\n    exit 1\nfi\n";
			showEnvVarsInLog = 0;
		};
		FD65586DEA00D5B64841AF51 /* [CP] Copy Pods Resources */ = {
			isa = PBXShellScriptBuildPhase;
			buildActionMask = 2147483647;
			files = (
			);
			inputPaths = (
			);
			name = "[CP] Copy Pods Resources";
			outputPaths = (
			);
			runOnlyForDeploymentPostprocessing = 0;
			shellPath = /bin/sh;
			shellScript = "\"${SRCROOT}/Pods/Target Support Files/Pods-Bartr/Pods-Bartr-resources.sh\"\n";
			showEnvVarsInLog = 0;
		};
/* End PBXShellScriptBuildPhase section */

/* Begin PBXSourcesBuildPhase section */
		8216A2951E01234500622E43 /* Sources */ = {
			isa = PBXSourcesBuildPhase;
			buildActionMask = 2147483647;
			files = (
				8216A29F1E01234500622E43 /* ViewController.swift in Sources */,
				8216A29D1E01234500622E43 /* AppDelegate.swift in Sources */,
			);
			runOnlyForDeploymentPostprocessing = 0;
		};
/* End PBXSourcesBuildPhase section */

/* Begin PBXVariantGroup section */
		8216A2A01E01234500622E43 /* Main.storyboard */ = {
			isa = PBXVariantGroup;
			children = (
				8216A2A11E01234500622E43 /* Base */,
			);
			name = Main.storyboard;
			sourceTree = "<group>";
		};
		8216A2A51E01234500622E43 /* LaunchScreen.storyboard */ = {
			isa = PBXVariantGroup;
			children = (
				8216A2A61E01234500622E43 /* Base */,
			);
			name = LaunchScreen.storyboard;
			sourceTree = "<group>";
		};
/* End PBXVariantGroup section */

/* Begin XCBuildConfiguration section */
		8216A2A91E01234500622E43 /* Debug */ = {
			isa = XCBuildConfiguration;
			buildSettings = {
				ALWAYS_SEARCH_USER_PATHS = NO;
				CLANG_ANALYZER_NONNULL = YES;
				CLANG_CXX_LANGUAGE_STANDARD = "gnu++0x";
				CLANG_CXX_LIBRARY = "libc++";
				CLANG_ENABLE_MODULES = YES;
				CLANG_ENABLE_OBJC_ARC = YES;
				CLANG_WARN_BOOL_CONVERSION = YES;
				CLANG_WARN_CONSTANT_CONVERSION = YES;
				CLANG_WARN_DIRECT_OBJC_ISA_USAGE = YES_ERROR;
				CLANG_WARN_EMPTY_BODY = YES;
				CLANG_WARN_ENUM_CONVERSION = YES;
				CLANG_WARN_INT_CONVERSION = YES;
				CLANG_WARN_OBJC_ROOT_CLASS = YES_ERROR;
				CLANG_WARN_UNREACHABLE_CODE = YES;
				CLANG_WARN__DUPLICATE_METHOD_MATCH = YES;
				"CODE_SIGN_IDENTITY[sdk=iphoneos*]" = "iPhone Developer";
				COPY_PHASE_STRIP = NO;
				DEBUG_INFORMATION_FORMAT = dwarf;
				ENABLE_STRICT_OBJC_MSGSEND = YES;
				ENABLE_TESTABILITY = YES;
				GCC_C_LANGUAGE_STANDARD = gnu99;
				GCC_DYNAMIC_NO_PIC = NO;
				GCC_NO_COMMON_BLOCKS = YES;
				GCC_OPTIMIZATION_LEVEL = 0;
				GCC_PREPROCESSOR_DEFINITIONS = (
					"DEBUG=1",
					"$(inherited)",
				);
				GCC_WARN_64_TO_32_BIT_CONVERSION = YES;
				GCC_WARN_ABOUT_RETURN_TYPE = YES_ERROR;
				GCC_WARN_UNDECLARED_SELECTOR = YES;
				GCC_WARN_UNINITIALIZED_AUTOS = YES_AGGRESSIVE;
				GCC_WARN_UNUSED_FUNCTION = YES;
				GCC_WARN_UNUSED_VARIABLE = YES;
				IPHONEOS_DEPLOYMENT_TARGET = 9.3;
				MTL_ENABLE_DEBUG_INFO = YES;
				ONLY_ACTIVE_ARCH = YES;
				SDKROOT = iphoneos;
				SWIFT_OPTIMIZATION_LEVEL = "-Onone";
			};
			name = Debug;
		};
		8216A2AA1E01234500622E43 /* Release */ = {
			isa = XCBuildConfiguration;
			buildSettings = {
				ALWAYS_SEARCH_USER_PATHS = NO;
				CLANG_ANALYZER_NONNULL = YES;
				CLANG_CXX_LANGUAGE_STANDARD = "gnu++0x";
				CLANG_CXX_LIBRARY = "libc++";
				CLANG_ENABLE_MODULES = YES;
				CLANG_ENABLE_OBJC_ARC = YES;
				CLANG_WARN_BOOL_CONVERSION = YES;
				CLANG_WARN_CONSTANT_CONVERSION = YES;
				CLANG_WARN_DIRECT_OBJC_ISA_USAGE = YES_ERROR;
				CLANG_WARN_EMPTY_BODY = YES;
				CLANG_WARN_ENUM_CONVERSION = YES;
				CLANG_WARN_INT_CONVERSION = YES;
				CLANG_WARN_OBJC_ROOT_CLASS = YES_ERROR;
				CLANG_WARN_UNREACHABLE_CODE = YES;
				CLANG_WARN__DUPLICATE_METHOD_MATCH = YES;
				"CODE_SIGN_IDENTITY[sdk=iphoneos*]" = "iPhone Developer";
				COPY_PHASE_STRIP = NO;
				DEBUG_INFORMATION_FORMAT = "dwarf-with-dsym";
				ENABLE_NS_ASSERTIONS = NO;
				ENABLE_STRICT_OBJC_MSGSEND = YES;
				GCC_C_LANGUAGE_STANDARD = gnu99;
				GCC_NO_COMMON_BLOCKS = YES;
				GCC_WARN_64_TO_32_BIT_CONVERSION = YES;
				GCC_WARN_ABOUT_RETURN_TYPE = YES_ERROR;
				GCC_WARN_UNDECLARED_SELECTOR = YES;
				GCC_WARN_UNINITIALIZED_AUTOS = YES_AGGRESSIVE;
				GCC_WARN_UNUSED_FUNCTION = YES;
				GCC_WARN_UNUSED_VARIABLE = YES;
				IPHONEOS_DEPLOYMENT_TARGET = 9.3;
				MTL_ENABLE_DEBUG_INFO = NO;
				SDKROOT = iphoneos;
				VALIDATE_PRODUCT = YES;
			};
			name = Release;
		};
		8216A2AC1E01234500622E43 /* Debug */ = {
			isa = XCBuildConfiguration;
			baseConfigurationReference = 488B48BD324F1764491A3957 /* Pods-Bartr.debug.xcconfig */;
			buildSettings = {
				ASSETCATALOG_COMPILER_APPICON_NAME = AppIcon;
				INFOPLIST_FILE = Bartr/Info.plist;
				LD_RUNPATH_SEARCH_PATHS = "$(inherited) @executable_path/Frameworks";
				PRODUCT_BUNDLE_IDENTIFIER = io.projectbartr.Bartr;
				PRODUCT_NAME = "$(TARGET_NAME)";
				SWIFT_VERSION = 3.0;
			};
			name = Debug;
		};
		8216A2AD1E01234500622E43 /* Release */ = {
			isa = XCBuildConfiguration;
			baseConfigurationReference = 00E125B88087019F0E41E66F /* Pods-Bartr.release.xcconfig */;
			buildSettings = {
				ASSETCATALOG_COMPILER_APPICON_NAME = AppIcon;
				INFOPLIST_FILE = Bartr/Info.plist;
				LD_RUNPATH_SEARCH_PATHS = "$(inherited) @executable_path/Frameworks";
				PRODUCT_BUNDLE_IDENTIFIER = io.projectbartr.Bartr;
				PRODUCT_NAME = "$(TARGET_NAME)";
				SWIFT_VERSION = 3.0;
			};
			name = Release;
		};
/* End XCBuildConfiguration section */

/* Begin XCConfigurationList section */
		8216A2941E01234500622E43 /* Build configuration list for PBXProject "Bartr" */ = {
			isa = XCConfigurationList;
			buildConfigurations = (
				8216A2A91E01234500622E43 /* Debug */,
				8216A2AA1E01234500622E43 /* Release */,
			);
			defaultConfigurationIsVisible = 0;
			defaultConfigurationName = Release;
		};
		8216A2AB1E01234500622E43 /* Build configuration list for PBXNativeTarget "Bartr" */ = {
			isa = XCConfigurationList;
			buildConfigurations = (
				8216A2AC1E01234500622E43 /* Debug */,
				8216A2AD1E01234500622E43 /* Release */,
			);
			defaultConfigurationIsVisible = 0;
			defaultConfigurationName = Release;
		};
/* End XCConfigurationList section */
	};
	rootObject = 8216A2911E01234500622E43 /* Project object */;
}
